{
  "version": 4,
  "terraform_version": "1.2.5",
  "serial": 32,
  "lineage": "734288de-1a69-10fe-e969-52ebf72d0a63",
  "outputs": {},
  "resources": [
    {
      "mode": "managed",
      "type": "aws_lambda_event_source_mapping",
      "name": "lambdaJsonToCsvSQSEventSource",
      "provider": "provider[\"registry.terraform.io/hashicorp/aws\"]",
      "instances": []
    },
    {
      "mode": "managed",
      "type": "aws_lambda_function",
      "name": "lambdaMappingCsvToJson",
      "provider": "provider[\"registry.terraform.io/hashicorp/aws\"]",
      "instances": [
        {
          "schema_version": 0,
          "attributes": {
            "architectures": [],
            "arn": "arn:aws:lambda:eu-central-1:000000000000:function:mapperCsvToJson",
            "code_signing_config_arn": "",
            "dead_letter_config": [],
            "description": "",
            "environment": [
              {
                "variables": {
                  "RUN_PROFILE": "local"
                }
              }
            ],
            "file_system_config": [],
            "filename": "C:\\Users\\sfeduk\\Downloads\\AWS\\AWSLotto\\target\\AWSLotto-1.0-SNAPSHOT.jar",
            "function_name": "mapperCsvToJson",
            "handler": "pl.fis.lbd.aws.BucketHandler",
            "id": "mapperCsvToJson",
            "image_config": [],
            "image_uri": "",
            "invoke_arn": "arn:aws:apigateway:eu-central-1:lambda:path/2015-03-31/functions/arn:aws:lambda:eu-central-1:000000000000:function:mapperCsvToJson/invocations",
            "kms_key_arn": "",
            "last_modified": "2022-07-14T10:54:30.860+0000",
            "layers": null,
            "memory_size": 512,
            "package_type": "Zip",
            "publish": false,
            "qualified_arn": "arn:aws:lambda:eu-central-1:000000000000:function:mapperCsvToJson:$LATEST",
            "reserved_concurrent_executions": -1,
            "role": "arn:aws:iam::12345:role/ignoreme",
            "runtime": "java11",
            "s3_bucket": null,
            "s3_key": null,
            "s3_object_version": null,
            "signing_job_arn": "",
            "signing_profile_version_arn": "",
            "source_code_hash": "p9SFLoaNXicZ2ULE+/P4W+1gyQgg+BBp0MgWVce88MQ=",
            "source_code_size": 10291786,
            "tags": null,
            "tags_all": {},
            "timeout": 5,
            "timeouts": null,
            "tracing_config": [
              {
                "mode": "PassThrough"
              }
            ],
            "version": "$LATEST",
            "vpc_config": []
          },
          "sensitive_attributes": [],
          "private": "eyJlMmJmYjczMC1lY2FhLTExZTYtOGY4OC0zNDM2M2JjN2M0YzAiOnsiY3JlYXRlIjo2MDAwMDAwMDAwMDB9fQ=="
        }
      ]
    },
    {
      "mode": "managed",
      "type": "aws_lambda_function",
      "name": "lambdaMappingJsonToCsv",
      "provider": "provider[\"registry.terraform.io/hashicorp/aws\"]",
      "instances": [
        {
          "schema_version": 0,
          "attributes": {
            "architectures": [],
            "arn": "arn:aws:lambda:eu-central-1:000000000000:function:mapperJsonToCsv",
            "code_signing_config_arn": "",
            "dead_letter_config": [],
            "description": "",
            "environment": [
              {
                "variables": {
                  "RUN_PROFILE": "local"
                }
              }
            ],
            "file_system_config": [],
            "filename": "C:\\Users\\sfeduk\\Downloads\\AWS\\AWSLotto\\target\\AWSLotto-1.0-SNAPSHOT.jar",
            "function_name": "mapperJsonToCsv",
            "handler": "pl.fis.lbd.aws.SQSHandler",
            "id": "mapperJsonToCsv",
            "image_config": [],
            "image_uri": "",
            "invoke_arn": "arn:aws:apigateway:eu-central-1:lambda:path/2015-03-31/functions/arn:aws:lambda:eu-central-1:000000000000:function:mapperJsonToCsv/invocations",
            "kms_key_arn": "",
            "last_modified": "2022-07-14T10:54:24.385+0000",
            "layers": null,
            "memory_size": 512,
            "package_type": "Zip",
            "publish": false,
            "qualified_arn": "arn:aws:lambda:eu-central-1:000000000000:function:mapperJsonToCsv:$LATEST",
            "reserved_concurrent_executions": -1,
            "role": "arn:aws:iam::12345:role/ignoreme",
            "runtime": "java11",
            "s3_bucket": null,
            "s3_key": null,
            "s3_object_version": null,
            "signing_job_arn": "",
            "signing_profile_version_arn": "",
            "source_code_hash": "p9SFLoaNXicZ2ULE+/P4W+1gyQgg+BBp0MgWVce88MQ=",
            "source_code_size": 10291786,
            "tags": null,
            "tags_all": {},
            "timeout": 5,
            "timeouts": null,
            "tracing_config": [
              {
                "mode": "PassThrough"
              }
            ],
            "version": "$LATEST",
            "vpc_config": []
          },
          "sensitive_attributes": [],
          "private": "eyJlMmJmYjczMC1lY2FhLTExZTYtOGY4OC0zNDM2M2JjN2M0YzAiOnsiY3JlYXRlIjo2MDAwMDAwMDAwMDB9fQ=="
        }
      ]
    },
    {
      "mode": "managed",
      "type": "aws_s3_bucket_notification",
      "name": "lambdaCsvToJsonS3Notification",
      "provider": "provider[\"registry.terraform.io/hashicorp/aws\"]",
      "instances": []
    }
  ]
}
